
Microsoft Visual Studio Solution File, Format Version 11.00
# Visual Studio 2010
# SharpDevelop 5.0
Project("{FAE04EC0-301F-11D3-BF4B-00C04F79EFBC}") = "EMCNote", "EMCNote\EMCNote.csproj", "{8A2DFEBF-F0A2-4202-9D5C-2096B59E3CCE}"
EndProject
Project("{FAE04EC0-301F-11D3-BF4B-00C04F79EFBC}") = "XAMLConverter", "XAMLConverter\XAMLConverter.csproj", "{E1F3F7A0-5FE8-447D-B2EE-065B770B0712}"
EndProject
Global
	GlobalSection(SolutionConfigurationPlatforms) = preSolution
		Debug|Any CPU = Debug|Any CPU
		Release|Any CPU = Release|Any CPU
	EndGlobalSection
	GlobalSection(ProjectConfigurationPlatforms) = postSolution
		{8A2DFEBF-F0A2-4202-9D5C-2096B59E3CCE}.Debug|Any CPU.ActiveCfg = Debug|Any CPU
		{8A2DFEBF-F0A2-4202-9D5C-2096B59E3CCE}.Debug|Any CPU.Build.0 = Debug|Any CPU
		{8A2DFEBF-F0A2-4202-9D5C-2096B59E3CCE}.Release|Any CPU.ActiveCfg = Release|Any CPU
		{8A2DFEBF-F0A2-4202-9D5C-2096B59E3CCE}.Release|Any CPU.Build.0 = Release|Any CPU
		{E1F3F7A0-5FE8-447D-B2EE-065B770B0712}.Debug|Any CPU.ActiveCfg = Debug|Any CPU
		{E1F3F7A0-5FE8-447D-B2EE-065B770B0712}.Debug|Any CPU.Build.0 = Debug|Any CPU
		{E1F3F7A0-5FE8-447D-B2EE-065B770B0712}.Release|Any CPU.ActiveCfg = Release|Any CPU
		{E1F3F7A0-5FE8-447D-B2EE-065B770B0712}.Release|Any CPU.Build.0 = Release|Any CPU
	EndGlobalSection
EndGlobal
